
Microsoft Visual Studio Solution File, Format Version 12.00
# Visual Studio Version 17
VisualStudioVersion = 17.3.32922.545
MinimumVisualStudioVersion = 10.0.40219.1
Project("{FAE04EC0-301F-11D3-BF4B-00C04F79EFBC}") = "ZETTA_BackEnd", "ZETTA_BackEnd\ZETTA_BackEnd.csproj", "{56707AC4-C9D1-487B-89A7-0643E0950DD6}"
EndProject
Project("{FAE04EC0-301F-11D3-BF4B-00C04F79EFBC}") = "ZETTA.DAL", "ZETTA.DAL\ZETTA.DAL.csproj", "{25DDC455-9E64-454B-A8B3-33C3B914FDEB}"
EndProject
Project("{FAE04EC0-301F-11D3-BF4B-00C04F79EFBC}") = "ZETTA.BLL", "ZETTA.BLL\ZETTA.BLL.csproj", "{4EDE115B-A78E-48C2-989B-E19867703B15}"
EndProject
Global
	GlobalSection(SolutionConfigurationPlatforms) = preSolution
		Debug|Any CPU = Debug|Any CPU
		Release|Any CPU = Release|Any CPU
	EndGlobalSection
	GlobalSection(ProjectConfigurationPlatforms) = postSolution
		{56707AC4-C9D1-487B-89A7-0643E0950DD6}.Debug|Any CPU.ActiveCfg = Debug|Any CPU
		{56707AC4-C9D1-487B-89A7-0643E0950DD6}.Debug|Any CPU.Build.0 = Debug|Any CPU
		{56707AC4-C9D1-487B-89A7-0643E0950DD6}.Release|Any CPU.ActiveCfg = Release|Any CPU
		{56707AC4-C9D1-487B-89A7-0643E0950DD6}.Release|Any CPU.Build.0 = Release|Any CPU
		{25DDC455-9E64-454B-A8B3-33C3B914FDEB}.Debug|Any CPU.ActiveCfg = Debug|Any CPU
		{25DDC455-9E64-454B-A8B3-33C3B914FDEB}.Debug|Any CPU.Build.0 = Debug|Any CPU
		{25DDC455-9E64-454B-A8B3-33C3B914FDEB}.Release|Any CPU.ActiveCfg = Release|Any CPU
		{25DDC455-9E64-454B-A8B3-33C3B914FDEB}.Release|Any CPU.Build.0 = Release|Any CPU
		{4EDE115B-A78E-48C2-989B-E19867703B15}.Debug|Any CPU.ActiveCfg = Debug|Any CPU
		{4EDE115B-A78E-48C2-989B-E19867703B15}.Debug|Any CPU.Build.0 = Debug|Any CPU
		{4EDE115B-A78E-48C2-989B-E19867703B15}.Release|Any CPU.ActiveCfg = Release|Any CPU
		{4EDE115B-A78E-48C2-989B-E19867703B15}.Release|Any CPU.Build.0 = Release|Any CPU
	EndGlobalSection
	GlobalSection(SolutionProperties) = preSolution
		HideSolutionNode = FALSE
	EndGlobalSection
	GlobalSection(ExtensibilityGlobals) = postSolution
		SolutionGuid = {DD431889-A2C6-4E09-A8E3-24ADC586F6BA}
	EndGlobalSection
EndGlobal
